
Microsoft Visual Studio Solution File, Format Version 12.00
# Visual Studio Version 17
VisualStudioVersion = 17.0.31903.59
MinimumVisualStudioVersion = 10.0.40219.1
Project("{9A19103F-16F7-4668-BE54-9A1E7A4F7556}") = "Verdure.Assistant.Core", "src\Verdure.Assistant.Core\Verdure.Assistant.Core.csproj", "{A1B2C3D4-E5F6-4A5B-8C9D-1E2F3A4B5C6D}"
EndProject
Project("{9A19103F-16F7-4668-BE54-9A1E7A4F7556}") = "Verdure.Assistant.Console", "src\Verdure.Assistant.Console\Verdure.Assistant.Console.csproj", "{B2C3D4E5-F6A7-4B6C-9D0E-2F3A4B5C6D7E}"
EndProject
Project("{9A19103F-16F7-4668-BE54-9A1E7A4F7556}") = "Verdure.Assistant.WinUI", "src\Verdure.Assistant.WinUI\Verdure.Assistant.WinUI.csproj", "{C3D4E5F6-A7B8-4C7D-0E1F-3A4B5C6D7E8F}"
EndProject
Project("{2150E333-8FDC-42A3-9474-1A3956D46DE8}") = "tests", "tests", "{0AB3BF05-4346-4AA6-1389-037BE0695223}"
EndProject
Project("{FAE04EC0-301F-11D3-BF4B-00C04F79EFBC}") = "ApiCheck", "tests\ApiCheck\ApiCheck.csproj", "{13160918-B949-409F-9040-2C162AD55F77}"
EndProject
Project("{FAE04EC0-301F-11D3-BF4B-00C04F79EFBC}") = "CodecTest", "tests\CodecTest\CodecTest.csproj", "{734170A4-C4D3-4CCC-B2A4-745AC36977BE}"
EndProject
Project("{FAE04EC0-301F-11D3-BF4B-00C04F79EFBC}") = "DecodeTest", "tests\DecodeTest\DecodeTest.csproj", "{864A6C89-4BC1-4726-99E9-A9945D5CEEE6}"
EndProject
Project("{FAE04EC0-301F-11D3-BF4B-00C04F79EFBC}") = "OpusApiTest", "tests\OpusApiTest\OpusApiTest.csproj", "{79F98AC1-0948-475B-9167-54A1977637E1}"
EndProject
Project("{FAE04EC0-301F-11D3-BF4B-00C04F79EFBC}") = "OpusSharpTest", "tests\OpusSharpTest\OpusSharpTest.csproj", "{9A6ED9C7-BC61-4ECE-B20A-41850A2DDF98}"
EndProject
Project("{FAE04EC0-301F-11D3-BF4B-00C04F79EFBC}") = "OpusTest", "tests\OpusTest\OpusTest.csproj", "{132A10D4-54B2-45E4-9B44-51777964D466}"
EndProject
Project("{2150E333-8FDC-42A3-9474-1A3956D46DE8}") = "src", "src", "{827E0CD3-B72D-47B6-A68D-7590B98EB39B}"
EndProject
Project("{FAE04EC0-301F-11D3-BF4B-00C04F79EFBC}") = "Verdure.Assistant.ViewModels", "src\Verdure.Assistant.ViewModels\Verdure.Assistant.ViewModels.csproj", "{2F399631-2243-485B-84FD-9CAA1A6205A1}"
EndProject
Project("{FAE04EC0-301F-11D3-BF4B-00C04F79EFBC}") = "AudioStreamIntegrationTest", "tests\AudioStreamIntegrationTest\AudioStreamIntegrationTest.csproj", "{99A9FA13-9B82-4F39-BD4E-3E8264B2D404}"
EndProject
Project("{FAE04EC0-301F-11D3-BF4B-00C04F79EFBC}") = "KeywordSpottingIntegrationTest", "tests\KeywordSpottingIntegrationTest\KeywordSpottingIntegrationTest.csproj", "{EF892F99-8A81-F30C-641F-D986E744B936}"
EndProject
Project("{FAE04EC0-301F-11D3-BF4B-00C04F79EFBC}") = "Verdure.Assistant.Api", "src\Verdure.Assistant.Api\Verdure.Assistant.Api.csproj", "{F8176343-73F3-47AD-A0E8-3B9E077625C8}"
EndProject
Global
	GlobalSection(SolutionConfigurationPlatforms) = preSolution
		Debug|Any CPU = Debug|Any CPU
		Debug|ARM64 = Debug|ARM64
		Debug|x64 = Debug|x64
		Debug|x86 = Debug|x86
		Release|Any CPU = Release|Any CPU
		Release|ARM64 = Release|ARM64
		Release|x64 = Release|x64
		Release|x86 = Release|x86
	EndGlobalSection
	GlobalSection(ProjectConfigurationPlatforms) = postSolution
		{A1B2C3D4-E5F6-4A5B-8C9D-1E2F3A4B5C6D}.Debug|Any CPU.ActiveCfg = Debug|Any CPU
		{A1B2C3D4-E5F6-4A5B-8C9D-1E2F3A4B5C6D}.Debug|Any CPU.Build.0 = Debug|Any CPU
		{A1B2C3D4-E5F6-4A5B-8C9D-1E2F3A4B5C6D}.Debug|ARM64.ActiveCfg = Debug|Any CPU
		{A1B2C3D4-E5F6-4A5B-8C9D-1E2F3A4B5C6D}.Debug|ARM64.Build.0 = Debug|Any CPU
		{A1B2C3D4-E5F6-4A5B-8C9D-1E2F3A4B5C6D}.Debug|x64.ActiveCfg = Debug|Any CPU
		{A1B2C3D4-E5F6-4A5B-8C9D-1E2F3A4B5C6D}.Debug|x64.Build.0 = Debug|Any CPU
		{A1B2C3D4-E5F6-4A5B-8C9D-1E2F3A4B5C6D}.Debug|x86.ActiveCfg = Debug|Any CPU
		{A1B2C3D4-E5F6-4A5B-8C9D-1E2F3A4B5C6D}.Debug|x86.Build.0 = Debug|Any CPU
		{A1B2C3D4-E5F6-4A5B-8C9D-1E2F3A4B5C6D}.Release|Any CPU.ActiveCfg = Release|Any CPU
		{A1B2C3D4-E5F6-4A5B-8C9D-1E2F3A4B5C6D}.Release|Any CPU.Build.0 = Release|Any CPU
		{A1B2C3D4-E5F6-4A5B-8C9D-1E2F3A4B5C6D}.Release|ARM64.ActiveCfg = Release|Any CPU
		{A1B2C3D4-E5F6-4A5B-8C9D-1E2F3A4B5C6D}.Release|ARM64.Build.0 = Release|Any CPU
		{A1B2C3D4-E5F6-4A5B-8C9D-1E2F3A4B5C6D}.Release|x64.ActiveCfg = Release|Any CPU
		{A1B2C3D4-E5F6-4A5B-8C9D-1E2F3A4B5C6D}.Release|x64.Build.0 = Release|Any CPU
		{A1B2C3D4-E5F6-4A5B-8C9D-1E2F3A4B5C6D}.Release|x86.ActiveCfg = Release|Any CPU
		{A1B2C3D4-E5F6-4A5B-8C9D-1E2F3A4B5C6D}.Release|x86.Build.0 = Release|Any CPU
		{B2C3D4E5-F6A7-4B6C-9D0E-2F3A4B5C6D7E}.Debug|Any CPU.ActiveCfg = Debug|Any CPU
		{B2C3D4E5-F6A7-4B6C-9D0E-2F3A4B5C6D7E}.Debug|Any CPU.Build.0 = Debug|Any CPU
		{B2C3D4E5-F6A7-4B6C-9D0E-2F3A4B5C6D7E}.Debug|ARM64.ActiveCfg = Debug|Any CPU
		{B2C3D4E5-F6A7-4B6C-9D0E-2F3A4B5C6D7E}.Debug|ARM64.Build.0 = Debug|Any CPU
		{B2C3D4E5-F6A7-4B6C-9D0E-2F3A4B5C6D7E}.Debug|x64.ActiveCfg = Debug|Any CPU
		{B2C3D4E5-F6A7-4B6C-9D0E-2F3A4B5C6D7E}.Debug|x64.Build.0 = Debug|Any CPU
		{B2C3D4E5-F6A7-4B6C-9D0E-2F3A4B5C6D7E}.Debug|x86.ActiveCfg = Debug|Any CPU
		{B2C3D4E5-F6A7-4B6C-9D0E-2F3A4B5C6D7E}.Debug|x86.Build.0 = Debug|Any CPU
		{B2C3D4E5-F6A7-4B6C-9D0E-2F3A4B5C6D7E}.Release|Any CPU.ActiveCfg = Release|Any CPU
		{B2C3D4E5-F6A7-4B6C-9D0E-2F3A4B5C6D7E}.Release|Any CPU.Build.0 = Release|Any CPU
		{B2C3D4E5-F6A7-4B6C-9D0E-2F3A4B5C6D7E}.Release|ARM64.ActiveCfg = Release|Any CPU
		{B2C3D4E5-F6A7-4B6C-9D0E-2F3A4B5C6D7E}.Release|ARM64.Build.0 = Release|Any CPU
		{B2C3D4E5-F6A7-4B6C-9D0E-2F3A4B5C6D7E}.Release|x64.ActiveCfg = Release|Any CPU
		{B2C3D4E5-F6A7-4B6C-9D0E-2F3A4B5C6D7E}.Release|x64.Build.0 = Release|Any CPU
		{B2C3D4E5-F6A7-4B6C-9D0E-2F3A4B5C6D7E}.Release|x86.ActiveCfg = Release|Any CPU
		{B2C3D4E5-F6A7-4B6C-9D0E-2F3A4B5C6D7E}.Release|x86.Build.0 = Release|Any CPU
		{C3D4E5F6-A7B8-4C7D-0E1F-3A4B5C6D7E8F}.Debug|Any CPU.ActiveCfg = Debug|x64
		{C3D4E5F6-A7B8-4C7D-0E1F-3A4B5C6D7E8F}.Debug|Any CPU.Build.0 = Debug|x64
		{C3D4E5F6-A7B8-4C7D-0E1F-3A4B5C6D7E8F}.Debug|Any CPU.Deploy.0 = Debug|x64
		{C3D4E5F6-A7B8-4C7D-0E1F-3A4B5C6D7E8F}.Debug|ARM64.ActiveCfg = Debug|ARM64
		{C3D4E5F6-A7B8-4C7D-0E1F-3A4B5C6D7E8F}.Debug|ARM64.Build.0 = Debug|ARM64
		{C3D4E5F6-A7B8-4C7D-0E1F-3A4B5C6D7E8F}.Debug|ARM64.Deploy.0 = Debug|ARM64
		{C3D4E5F6-A7B8-4C7D-0E1F-3A4B5C6D7E8F}.Debug|x64.ActiveCfg = Debug|x64
		{C3D4E5F6-A7B8-4C7D-0E1F-3A4B5C6D7E8F}.Debug|x64.Build.0 = Debug|x64
		{C3D4E5F6-A7B8-4C7D-0E1F-3A4B5C6D7E8F}.Debug|x64.Deploy.0 = Debug|x64
		{C3D4E5F6-A7B8-4C7D-0E1F-3A4B5C6D7E8F}.Debug|x86.ActiveCfg = Debug|x86
		{C3D4E5F6-A7B8-4C7D-0E1F-3A4B5C6D7E8F}.Debug|x86.Build.0 = Debug|x86
		{C3D4E5F6-A7B8-4C7D-0E1F-3A4B5C6D7E8F}.Debug|x86.Deploy.0 = Debug|x86
		{C3D4E5F6-A7B8-4C7D-0E1F-3A4B5C6D7E8F}.Release|Any CPU.ActiveCfg = Release|x64
		{C3D4E5F6-A7B8-4C7D-0E1F-3A4B5C6D7E8F}.Release|Any CPU.Build.0 = Release|x64
		{C3D4E5F6-A7B8-4C7D-0E1F-3A4B5C6D7E8F}.Release|Any CPU.Deploy.0 = Release|x64
		{C3D4E5F6-A7B8-4C7D-0E1F-3A4B5C6D7E8F}.Release|ARM64.ActiveCfg = Release|ARM64
		{C3D4E5F6-A7B8-4C7D-0E1F-3A4B5C6D7E8F}.Release|ARM64.Build.0 = Release|ARM64
		{C3D4E5F6-A7B8-4C7D-0E1F-3A4B5C6D7E8F}.Release|ARM64.Deploy.0 = Release|ARM64
		{C3D4E5F6-A7B8-4C7D-0E1F-3A4B5C6D7E8F}.Release|x64.ActiveCfg = Release|x64
		{C3D4E5F6-A7B8-4C7D-0E1F-3A4B5C6D7E8F}.Release|x64.Build.0 = Release|x64
		{C3D4E5F6-A7B8-4C7D-0E1F-3A4B5C6D7E8F}.Release|x64.Deploy.0 = Release|x64
		{C3D4E5F6-A7B8-4C7D-0E1F-3A4B5C6D7E8F}.Release|x86.ActiveCfg = Release|x86
		{C3D4E5F6-A7B8-4C7D-0E1F-3A4B5C6D7E8F}.Release|x86.Build.0 = Release|x86
		{C3D4E5F6-A7B8-4C7D-0E1F-3A4B5C6D7E8F}.Release|x86.Deploy.0 = Release|x86
		{13160918-B949-409F-9040-2C162AD55F77}.Debug|Any CPU.ActiveCfg = Debug|Any CPU
		{13160918-B949-409F-9040-2C162AD55F77}.Debug|Any CPU.Build.0 = Debug|Any CPU
		{13160918-B949-409F-9040-2C162AD55F77}.Debug|ARM64.ActiveCfg = Debug|Any CPU
		{13160918-B949-409F-9040-2C162AD55F77}.Debug|ARM64.Build.0 = Debug|Any CPU
		{13160918-B949-409F-9040-2C162AD55F77}.Debug|x64.ActiveCfg = Debug|Any CPU
		{13160918-B949-409F-9040-2C162AD55F77}.Debug|x64.Build.0 = Debug|Any CPU
		{13160918-B949-409F-9040-2C162AD55F77}.Debug|x86.ActiveCfg = Debug|Any CPU
		{13160918-B949-409F-9040-2C162AD55F77}.Debug|x86.Build.0 = Debug|Any CPU
		{13160918-B949-409F-9040-2C162AD55F77}.Release|Any CPU.ActiveCfg = Release|Any CPU
		{13160918-B949-409F-9040-2C162AD55F77}.Release|Any CPU.Build.0 = Release|Any CPU
		{13160918-B949-409F-9040-2C162AD55F77}.Release|ARM64.ActiveCfg = Release|Any CPU
		{13160918-B949-409F-9040-2C162AD55F77}.Release|ARM64.Build.0 = Release|Any CPU
		{13160918-B949-409F-9040-2C162AD55F77}.Release|x64.ActiveCfg = Release|Any CPU
		{13160918-B949-409F-9040-2C162AD55F77}.Release|x64.Build.0 = Release|Any CPU
		{13160918-B949-409F-9040-2C162AD55F77}.Release|x86.ActiveCfg = Release|Any CPU
		{13160918-B949-409F-9040-2C162AD55F77}.Release|x86.Build.0 = Release|Any CPU
		{734170A4-C4D3-4CCC-B2A4-745AC36977BE}.Debug|Any CPU.ActiveCfg = Debug|Any CPU
		{734170A4-C4D3-4CCC-B2A4-745AC36977BE}.Debug|Any CPU.Build.0 = Debug|Any CPU
		{734170A4-C4D3-4CCC-B2A4-745AC36977BE}.Debug|ARM64.ActiveCfg = Debug|Any CPU
		{734170A4-C4D3-4CCC-B2A4-745AC36977BE}.Debug|ARM64.Build.0 = Debug|Any CPU
		{734170A4-C4D3-4CCC-B2A4-745AC36977BE}.Debug|x64.ActiveCfg = Debug|Any CPU
		{734170A4-C4D3-4CCC-B2A4-745AC36977BE}.Debug|x64.Build.0 = Debug|Any CPU
		{734170A4-C4D3-4CCC-B2A4-745AC36977BE}.Debug|x86.ActiveCfg = Debug|Any CPU
		{734170A4-C4D3-4CCC-B2A4-745AC36977BE}.Debug|x86.Build.0 = Debug|Any CPU
		{734170A4-C4D3-4CCC-B2A4-745AC36977BE}.Release|Any CPU.ActiveCfg = Release|Any CPU
		{734170A4-C4D3-4CCC-B2A4-745AC36977BE}.Release|Any CPU.Build.0 = Release|Any CPU
		{734170A4-C4D3-4CCC-B2A4-745AC36977BE}.Release|ARM64.ActiveCfg = Release|Any CPU
		{734170A4-C4D3-4CCC-B2A4-745AC36977BE}.Release|ARM64.Build.0 = Release|Any CPU
		{734170A4-C4D3-4CCC-B2A4-745AC36977BE}.Release|x64.ActiveCfg = Release|Any CPU
		{734170A4-C4D3-4CCC-B2A4-745AC36977BE}.Release|x64.Build.0 = Release|Any CPU
		{734170A4-C4D3-4CCC-B2A4-745AC36977BE}.Release|x86.ActiveCfg = Release|Any CPU
		{734170A4-C4D3-4CCC-B2A4-745AC36977BE}.Release|x86.Build.0 = Release|Any CPU
		{864A6C89-4BC1-4726-99E9-A9945D5CEEE6}.Debug|Any CPU.ActiveCfg = Debug|Any CPU
		{864A6C89-4BC1-4726-99E9-A9945D5CEEE6}.Debug|Any CPU.Build.0 = Debug|Any CPU
		{864A6C89-4BC1-4726-99E9-A9945D5CEEE6}.Debug|ARM64.ActiveCfg = Debug|Any CPU
		{864A6C89-4BC1-4726-99E9-A9945D5CEEE6}.Debug|ARM64.Build.0 = Debug|Any CPU
		{864A6C89-4BC1-4726-99E9-A9945D5CEEE6}.Debug|x64.ActiveCfg = Debug|Any CPU
		{864A6C89-4BC1-4726-99E9-A9945D5CEEE6}.Debug|x64.Build.0 = Debug|Any CPU
		{864A6C89-4BC1-4726-99E9-A9945D5CEEE6}.Debug|x86.ActiveCfg = Debug|Any CPU
		{864A6C89-4BC1-4726-99E9-A9945D5CEEE6}.Debug|x86.Build.0 = Debug|Any CPU
		{864A6C89-4BC1-4726-99E9-A9945D5CEEE6}.Release|Any CPU.ActiveCfg = Release|Any CPU
		{864A6C89-4BC1-4726-99E9-A9945D5CEEE6}.Release|Any CPU.Build.0 = Release|Any CPU
		{864A6C89-4BC1-4726-99E9-A9945D5CEEE6}.Release|ARM64.ActiveCfg = Release|Any CPU
		{864A6C89-4BC1-4726-99E9-A9945D5CEEE6}.Release|ARM64.Build.0 = Release|Any CPU
		{864A6C89-4BC1-4726-99E9-A9945D5CEEE6}.Release|x64.ActiveCfg = Release|Any CPU
		{864A6C89-4BC1-4726-99E9-A9945D5CEEE6}.Release|x64.Build.0 = Release|Any CPU
		{864A6C89-4BC1-4726-99E9-A9945D5CEEE6}.Release|x86.ActiveCfg = Release|Any CPU
		{864A6C89-4BC1-4726-99E9-A9945D5CEEE6}.Release|x86.Build.0 = Release|Any CPU
		{79F98AC1-0948-475B-9167-54A1977637E1}.Debug|Any CPU.ActiveCfg = Debug|Any CPU
		{79F98AC1-0948-475B-9167-54A1977637E1}.Debug|Any CPU.Build.0 = Debug|Any CPU
		{79F98AC1-0948-475B-9167-54A1977637E1}.Debug|ARM64.ActiveCfg = Debug|Any CPU
		{79F98AC1-0948-475B-9167-54A1977637E1}.Debug|ARM64.Build.0 = Debug|Any CPU
		{79F98AC1-0948-475B-9167-54A1977637E1}.Debug|x64.ActiveCfg = Debug|Any CPU
		{79F98AC1-0948-475B-9167-54A1977637E1}.Debug|x64.Build.0 = Debug|Any CPU
		{79F98AC1-0948-475B-9167-54A1977637E1}.Debug|x86.ActiveCfg = Debug|Any CPU
		{79F98AC1-0948-475B-9167-54A1977637E1}.Debug|x86.Build.0 = Debug|Any CPU
		{79F98AC1-0948-475B-9167-54A1977637E1}.Release|Any CPU.ActiveCfg = Release|Any CPU
		{79F98AC1-0948-475B-9167-54A1977637E1}.Release|Any CPU.Build.0 = Release|Any CPU
		{79F98AC1-0948-475B-9167-54A1977637E1}.Release|ARM64.ActiveCfg = Release|Any CPU
		{79F98AC1-0948-475B-9167-54A1977637E1}.Release|ARM64.Build.0 = Release|Any CPU
		{79F98AC1-0948-475B-9167-54A1977637E1}.Release|x64.ActiveCfg = Release|Any CPU
		{79F98AC1-0948-475B-9167-54A1977637E1}.Release|x64.Build.0 = Release|Any CPU
		{79F98AC1-0948-475B-9167-54A1977637E1}.Release|x86.ActiveCfg = Release|Any CPU
		{79F98AC1-0948-475B-9167-54A1977637E1}.Release|x86.Build.0 = Release|Any CPU
		{9A6ED9C7-BC61-4ECE-B20A-41850A2DDF98}.Debug|Any CPU.ActiveCfg = Debug|Any CPU
		{9A6ED9C7-BC61-4ECE-B20A-41850A2DDF98}.Debug|Any CPU.Build.0 = Debug|Any CPU
		{9A6ED9C7-BC61-4ECE-B20A-41850A2DDF98}.Debug|ARM64.ActiveCfg = Debug|Any CPU
		{9A6ED9C7-BC61-4ECE-B20A-41850A2DDF98}.Debug|ARM64.Build.0 = Debug|Any CPU
		{9A6ED9C7-BC61-4ECE-B20A-41850A2DDF98}.Debug|x64.ActiveCfg = Debug|Any CPU
		{9A6ED9C7-BC61-4ECE-B20A-41850A2DDF98}.Debug|x64.Build.0 = Debug|Any CPU
		{9A6ED9C7-BC61-4ECE-B20A-41850A2DDF98}.Debug|x86.ActiveCfg = Debug|Any CPU
		{9A6ED9C7-BC61-4ECE-B20A-41850A2DDF98}.Debug|x86.Build.0 = Debug|Any CPU
		{9A6ED9C7-BC61-4ECE-B20A-41850A2DDF98}.Release|Any CPU.ActiveCfg = Release|Any CPU
		{9A6ED9C7-BC61-4ECE-B20A-41850A2DDF98}.Release|Any CPU.Build.0 = Release|Any CPU
		{9A6ED9C7-BC61-4ECE-B20A-41850A2DDF98}.Release|ARM64.ActiveCfg = Release|Any CPU
		{9A6ED9C7-BC61-4ECE-B20A-41850A2DDF98}.Release|ARM64.Build.0 = Release|Any CPU
		{9A6ED9C7-BC61-4ECE-B20A-41850A2DDF98}.Release|x64.ActiveCfg = Release|Any CPU
		{9A6ED9C7-BC61-4ECE-B20A-41850A2DDF98}.Release|x64.Build.0 = Release|Any CPU
		{9A6ED9C7-BC61-4ECE-B20A-41850A2DDF98}.Release|x86.ActiveCfg = Release|Any CPU
		{9A6ED9C7-BC61-4ECE-B20A-41850A2DDF98}.Release|x86.Build.0 = Release|Any CPU
		{132A10D4-54B2-45E4-9B44-51777964D466}.Debug|Any CPU.ActiveCfg = Debug|Any CPU
		{132A10D4-54B2-45E4-9B44-51777964D466}.Debug|Any CPU.Build.0 = Debug|Any CPU
		{132A10D4-54B2-45E4-9B44-51777964D466}.Debug|ARM64.ActiveCfg = Debug|Any CPU
		{132A10D4-54B2-45E4-9B44-51777964D466}.Debug|ARM64.Build.0 = Debug|Any CPU
		{132A10D4-54B2-45E4-9B44-51777964D466}.Debug|x64.ActiveCfg = Debug|Any CPU
		{132A10D4-54B2-45E4-9B44-51777964D466}.Debug|x64.Build.0 = Debug|Any CPU
		{132A10D4-54B2-45E4-9B44-51777964D466}.Debug|x86.ActiveCfg = Debug|Any CPU
		{132A10D4-54B2-45E4-9B44-51777964D466}.Debug|x86.Build.0 = Debug|Any CPU
		{132A10D4-54B2-45E4-9B44-51777964D466}.Release|Any CPU.ActiveCfg = Release|Any CPU
		{132A10D4-54B2-45E4-9B44-51777964D466}.Release|Any CPU.Build.0 = Release|Any CPU
		{132A10D4-54B2-45E4-9B44-51777964D466}.Release|ARM64.ActiveCfg = Release|Any CPU
		{132A10D4-54B2-45E4-9B44-51777964D466}.Release|ARM64.Build.0 = Release|Any CPU
		{132A10D4-54B2-45E4-9B44-51777964D466}.Release|x64.ActiveCfg = Release|Any CPU
		{132A10D4-54B2-45E4-9B44-51777964D466}.Release|x64.Build.0 = Release|Any CPU
		{132A10D4-54B2-45E4-9B44-51777964D466}.Release|x86.ActiveCfg = Release|Any CPU
		{132A10D4-54B2-45E4-9B44-51777964D466}.Release|x86.Build.0 = Release|Any CPU
		{2F399631-2243-485B-84FD-9CAA1A6205A1}.Debug|Any CPU.ActiveCfg = Debug|Any CPU
		{2F399631-2243-485B-84FD-9CAA1A6205A1}.Debug|Any CPU.Build.0 = Debug|Any CPU
		{2F399631-2243-485B-84FD-9CAA1A6205A1}.Debug|ARM64.ActiveCfg = Debug|Any CPU
		{2F399631-2243-485B-84FD-9CAA1A6205A1}.Debug|ARM64.Build.0 = Debug|Any CPU
		{2F399631-2243-485B-84FD-9CAA1A6205A1}.Debug|x64.ActiveCfg = Debug|Any CPU
		{2F399631-2243-485B-84FD-9CAA1A6205A1}.Debug|x64.Build.0 = Debug|Any CPU
		{2F399631-2243-485B-84FD-9CAA1A6205A1}.Debug|x86.ActiveCfg = Debug|Any CPU
		{2F399631-2243-485B-84FD-9CAA1A6205A1}.Debug|x86.Build.0 = Debug|Any CPU
		{2F399631-2243-485B-84FD-9CAA1A6205A1}.Release|Any CPU.ActiveCfg = Release|Any CPU
		{2F399631-2243-485B-84FD-9CAA1A6205A1}.Release|Any CPU.Build.0 = Release|Any CPU
		{2F399631-2243-485B-84FD-9CAA1A6205A1}.Release|ARM64.ActiveCfg = Release|Any CPU
		{2F399631-2243-485B-84FD-9CAA1A6205A1}.Release|ARM64.Build.0 = Release|Any CPU
		{2F399631-2243-485B-84FD-9CAA1A6205A1}.Release|x64.ActiveCfg = Release|Any CPU
		{2F399631-2243-485B-84FD-9CAA1A6205A1}.Release|x64.Build.0 = Release|Any CPU
		{2F399631-2243-485B-84FD-9CAA1A6205A1}.Release|x86.ActiveCfg = Release|Any CPU
		{2F399631-2243-485B-84FD-9CAA1A6205A1}.Release|x86.Build.0 = Release|Any CPU
		{99A9FA13-9B82-4F39-BD4E-3E8264B2D404}.Debug|Any CPU.ActiveCfg = Debug|Any CPU
		{99A9FA13-9B82-4F39-BD4E-3E8264B2D404}.Debug|Any CPU.Build.0 = Debug|Any CPU
		{99A9FA13-9B82-4F39-BD4E-3E8264B2D404}.Debug|ARM64.ActiveCfg = Debug|Any CPU
		{99A9FA13-9B82-4F39-BD4E-3E8264B2D404}.Debug|ARM64.Build.0 = Debug|Any CPU
		{99A9FA13-9B82-4F39-BD4E-3E8264B2D404}.Debug|x64.ActiveCfg = Debug|Any CPU
		{99A9FA13-9B82-4F39-BD4E-3E8264B2D404}.Debug|x64.Build.0 = Debug|Any CPU
		{99A9FA13-9B82-4F39-BD4E-3E8264B2D404}.Debug|x86.ActiveCfg = Debug|Any CPU
		{99A9FA13-9B82-4F39-BD4E-3E8264B2D404}.Debug|x86.Build.0 = Debug|Any CPU
		{99A9FA13-9B82-4F39-BD4E-3E8264B2D404}.Release|Any CPU.ActiveCfg = Release|Any CPU
		{99A9FA13-9B82-4F39-BD4E-3E8264B2D404}.Release|Any CPU.Build.0 = Release|Any CPU
		{99A9FA13-9B82-4F39-BD4E-3E8264B2D404}.Release|ARM64.ActiveCfg = Release|Any CPU
		{99A9FA13-9B82-4F39-BD4E-3E8264B2D404}.Release|ARM64.Build.0 = Release|Any CPU
		{99A9FA13-9B82-4F39-BD4E-3E8264B2D404}.Release|x64.ActiveCfg = Release|Any CPU
		{99A9FA13-9B82-4F39-BD4E-3E8264B2D404}.Release|x64.Build.0 = Release|Any CPU
		{99A9FA13-9B82-4F39-BD4E-3E8264B2D404}.Release|x86.ActiveCfg = Release|Any CPU
		{99A9FA13-9B82-4F39-BD4E-3E8264B2D404}.Release|x86.Build.0 = Release|Any CPU
		{EF892F99-8A81-F30C-641F-D986E744B936}.Debug|Any CPU.ActiveCfg = Debug|Any CPU
		{EF892F99-8A81-F30C-641F-D986E744B936}.Debug|Any CPU.Build.0 = Debug|Any CPU
		{EF892F99-8A81-F30C-641F-D986E744B936}.Debug|ARM64.ActiveCfg = Debug|Any CPU
		{EF892F99-8A81-F30C-641F-D986E744B936}.Debug|ARM64.Build.0 = Debug|Any CPU
		{EF892F99-8A81-F30C-641F-D986E744B936}.Debug|x64.ActiveCfg = Debug|Any CPU
		{EF892F99-8A81-F30C-641F-D986E744B936}.Debug|x64.Build.0 = Debug|Any CPU
		{EF892F99-8A81-F30C-641F-D986E744B936}.Debug|x86.ActiveCfg = Debug|Any CPU
		{EF892F99-8A81-F30C-641F-D986E744B936}.Debug|x86.Build.0 = Debug|Any CPU
		{EF892F99-8A81-F30C-641F-D986E744B936}.Release|Any CPU.ActiveCfg = Release|Any CPU
		{EF892F99-8A81-F30C-641F-D986E744B936}.Release|Any CPU.Build.0 = Release|Any CPU
		{EF892F99-8A81-F30C-641F-D986E744B936}.Release|ARM64.ActiveCfg = Release|Any CPU
		{EF892F99-8A81-F30C-641F-D986E744B936}.Release|ARM64.Build.0 = Release|Any CPU
		{EF892F99-8A81-F30C-641F-D986E744B936}.Release|x64.ActiveCfg = Release|Any CPU
		{EF892F99-8A81-F30C-641F-D986E744B936}.Release|x64.Build.0 = Release|Any CPU
		{EF892F99-8A81-F30C-641F-D986E744B936}.Release|x86.ActiveCfg = Release|Any CPU
		{EF892F99-8A81-F30C-641F-D986E744B936}.Release|x86.Build.0 = Release|Any CPU
		{F8176343-73F3-47AD-A0E8-3B9E077625C8}.Debug|Any CPU.ActiveCfg = Debug|Any CPU
		{F8176343-73F3-47AD-A0E8-3B9E077625C8}.Debug|Any CPU.Build.0 = Debug|Any CPU
		{F8176343-73F3-47AD-A0E8-3B9E077625C8}.Debug|ARM64.ActiveCfg = Debug|Any CPU
		{F8176343-73F3-47AD-A0E8-3B9E077625C8}.Debug|ARM64.Build.0 = Debug|Any CPU
		{F8176343-73F3-47AD-A0E8-3B9E077625C8}.Debug|x64.ActiveCfg = Debug|Any CPU
		{F8176343-73F3-47AD-A0E8-3B9E077625C8}.Debug|x64.Build.0 = Debug|Any CPU
		{F8176343-73F3-47AD-A0E8-3B9E077625C8}.Debug|x86.ActiveCfg = Debug|Any CPU
		{F8176343-73F3-47AD-A0E8-3B9E077625C8}.Debug|x86.Build.0 = Debug|Any CPU
		{F8176343-73F3-47AD-A0E8-3B9E077625C8}.Release|Any CPU.ActiveCfg = Release|Any CPU
		{F8176343-73F3-47AD-A0E8-3B9E077625C8}.Release|Any CPU.Build.0 = Release|Any CPU
		{F8176343-73F3-47AD-A0E8-3B9E077625C8}.Release|ARM64.ActiveCfg = Release|Any CPU
		{F8176343-73F3-47AD-A0E8-3B9E077625C8}.Release|ARM64.Build.0 = Release|Any CPU
		{F8176343-73F3-47AD-A0E8-3B9E077625C8}.Release|x64.ActiveCfg = Release|Any CPU
		{F8176343-73F3-47AD-A0E8-3B9E077625C8}.Release|x64.Build.0 = Release|Any CPU
		{F8176343-73F3-47AD-A0E8-3B9E077625C8}.Release|x86.ActiveCfg = Release|Any CPU
		{F8176343-73F3-47AD-A0E8-3B9E077625C8}.Release|x86.Build.0 = Release|Any CPU
	EndGlobalSection
	GlobalSection(SolutionProperties) = preSolution
		HideSolutionNode = FALSE
	EndGlobalSection
	GlobalSection(NestedProjects) = preSolution
		{13160918-B949-409F-9040-2C162AD55F77} = {0AB3BF05-4346-4AA6-1389-037BE0695223}
		{734170A4-C4D3-4CCC-B2A4-745AC36977BE} = {0AB3BF05-4346-4AA6-1389-037BE0695223}
		{864A6C89-4BC1-4726-99E9-A9945D5CEEE6} = {0AB3BF05-4346-4AA6-1389-037BE0695223}
		{79F98AC1-0948-475B-9167-54A1977637E1} = {0AB3BF05-4346-4AA6-1389-037BE0695223}
		{9A6ED9C7-BC61-4ECE-B20A-41850A2DDF98} = {0AB3BF05-4346-4AA6-1389-037BE0695223}
		{132A10D4-54B2-45E4-9B44-51777964D466} = {0AB3BF05-4346-4AA6-1389-037BE0695223}
		{2F399631-2243-485B-84FD-9CAA1A6205A1} = {827E0CD3-B72D-47B6-A68D-7590B98EB39B}
		{99A9FA13-9B82-4F39-BD4E-3E8264B2D404} = {0AB3BF05-4346-4AA6-1389-037BE0695223}
		{EF892F99-8A81-F30C-641F-D986E744B936} = {0AB3BF05-4346-4AA6-1389-037BE0695223}
	EndGlobalSection
	GlobalSection(ExtensibilityGlobals) = postSolution
		SolutionGuid = {239C1F87-537E-4A57-8658-89012288A12E}
	EndGlobalSection
EndGlobal
